# THIS IS AN AUTOGENERATED FILE. DO NOT EDIT THIS FILE DIRECTLY.
# yarn lockfile v1


node-audiorecorder@^2.0.1:
  version "2.0.1"
  resolved "https://registry.yarnpkg.com/node-audiorecorder/-/node-audiorecorder-2.0.1.tgz#f5d0019c844073d9e63fa791376a4fcadfb2c52d"
  integrity sha512-YwmE9wXsgF7v0H4HjMu5euGfk/oOdABIU8XWUAoCEoDAL2iOnmos0dTODQ9QPqWgEiycDISQs8TFypWAyb5aHw==
